
Microsoft Visual Studio Solution File, Format Version 12.00
# Visual Studio 15
VisualStudioVersion = 15.0.26730.12
MinimumVisualStudioVersion = 10.0.40219.1
Project("{8BC9CEB8-8B4A-11D0-8D11-00A0C91BC942}") = "TicTacToe", "TicTacToe\TicTacToe.vcxproj", "{1855645B-478C-4323-A305-412E7D38E65F}"
EndProject
Project("{8BC9CEB8-8B4A-11D0-8D11-00A0C91BC942}") = "TicTacToe.ConsoleApplication", "TicTacToe.ConsoleApplication\TicTacToe.ConsoleApplication.vcxproj", "{272E6BB5-70E6-4960-B8A3-5655764C16D7}"
EndProject
Global
	GlobalSection(SolutionConfigurationPlatforms) = preSolution
		Debug|x64 = Debug|x64
		Debug|x86 = Debug|x86
		Release|x64 = Release|x64
		Release|x86 = Release|x86
	EndGlobalSection
	GlobalSection(ProjectConfigurationPlatforms) = postSolution
		{1855645B-478C-4323-A305-412E7D38E65F}.Debug|x64.ActiveCfg = Debug|x64
		{1855645B-478C-4323-A305-412E7D38E65F}.Debug|x64.Build.0 = Debug|x64
		{1855645B-478C-4323-A305-412E7D38E65F}.Debug|x86.ActiveCfg = Debug|Win32
		{1855645B-478C-4323-A305-412E7D38E65F}.Debug|x86.Build.0 = Debug|Win32
		{1855645B-478C-4323-A305-412E7D38E65F}.Release|x64.ActiveCfg = Release|x64
		{1855645B-478C-4323-A305-412E7D38E65F}.Release|x64.Build.0 = Release|x64
		{1855645B-478C-4323-A305-412E7D38E65F}.Release|x86.ActiveCfg = Release|Win32
		{1855645B-478C-4323-A305-412E7D38E65F}.Release|x86.Build.0 = Release|Win32
		{272E6BB5-70E6-4960-B8A3-5655764C16D7}.Debug|x64.ActiveCfg = Debug|x64
		{272E6BB5-70E6-4960-B8A3-5655764C16D7}.Debug|x64.Build.0 = Debug|x64
		{272E6BB5-70E6-4960-B8A3-5655764C16D7}.Debug|x86.ActiveCfg = Debug|Win32
		{272E6BB5-70E6-4960-B8A3-5655764C16D7}.Debug|x86.Build.0 = Debug|Win32
		{272E6BB5-70E6-4960-B8A3-5655764C16D7}.Release|x64.ActiveCfg = Release|x64
		{272E6BB5-70E6-4960-B8A3-5655764C16D7}.Release|x64.Build.0 = Release|x64
		{272E6BB5-70E6-4960-B8A3-5655764C16D7}.Release|x86.ActiveCfg = Release|Win32
		{272E6BB5-70E6-4960-B8A3-5655764C16D7}.Release|x86.Build.0 = Release|Win32
	EndGlobalSection
	GlobalSection(SolutionProperties) = preSolution
		HideSolutionNode = FALSE
	EndGlobalSection
	GlobalSection(ExtensibilityGlobals) = postSolution
		SolutionGuid = {6E80DBB5-E5FB-4F14-ABBF-754787BD8219}
	EndGlobalSection
EndGlobal
